
Microsoft Visual Studio Solution File, Format Version 12.00
# Visual Studio 15
VisualStudioVersion = 15.0.26430.16
MinimumVisualStudioVersion = 10.0.40219.1
Project("{FAE04EC0-301F-11D3-BF4B-00C04F79EFBC}") = "Test_BKN", "Test_BKN\Test_BKN.csproj", "{BF53C488-F2FF-418C-A9A0-F3BAE9803C31}"
EndProject
Global
	GlobalSection(SolutionConfigurationPlatforms) = preSolution
		Debug|Any CPU = Debug|Any CPU
		Release|Any CPU = Release|Any CPU
	EndGlobalSection
	GlobalSection(ProjectConfigurationPlatforms) = postSolution
		{BF53C488-F2FF-418C-A9A0-F3BAE9803C31}.Debug|Any CPU.ActiveCfg = Debug|Any CPU
		{BF53C488-F2FF-418C-A9A0-F3BAE9803C31}.Debug|Any CPU.Build.0 = Debug|Any CPU
		{BF53C488-F2FF-418C-A9A0-F3BAE9803C31}.Release|Any CPU.ActiveCfg = Release|Any CPU
		{BF53C488-F2FF-418C-A9A0-F3BAE9803C31}.Release|Any CPU.Build.0 = Release|Any CPU
	EndGlobalSection
	GlobalSection(SolutionProperties) = preSolution
		HideSolutionNode = FALSE
	EndGlobalSection
EndGlobal
